
Microsoft Visual Studio Solution File, Format Version 12.00
# Visual Studio Version 16
VisualStudioVersion = 25.0.1704.0
MinimumVisualStudioVersion = 10.0.40219.1
Project("{FAE04EC0-301F-11D3-BF4B-00C04F79EFBC}") = "InheritancepPolymorphism", "InheritancepPolymorphism\InheritancepPolymorphism.csproj", "{26E38840-BF45-4913-8815-8B99E738217A}"
EndProject
Project("{FAE04EC0-301F-11D3-BF4B-00C04F79EFBC}") = "OperatorOverride", "OperatorOverride\OperatorOverride.csproj", "{C3E0A76A-9832-4C0F-9B1A-08CEFE95A3E9}"
EndProject
Project("{FAE04EC0-301F-11D3-BF4B-00C04F79EFBC}") = "TryCatchFinally", "TryCatchFinally\TryCatchFinally.csproj", "{D5EA9BB2-2D32-4795-90FE-58CA398D2FAA}"
EndProject
Project("{FAE04EC0-301F-11D3-BF4B-00C04F79EFBC}") = "CustomException", "CustomException\CustomException.csproj", "{0C0E177F-9C24-4C33-BE12-F68C77C7AC2F}"
EndProject
Project("{FAE04EC0-301F-11D3-BF4B-00C04F79EFBC}") = "InterfaceAsParameter", "InterfaceAsParameter\InterfaceAsParameter.csproj", "{2303A36D-7329-446F-972E-0290317BF171}"
EndProject
Project("{FAE04EC0-301F-11D3-BF4B-00C04F79EFBC}") = "InterfaceAsReturnedValue", "InterfaceAsReturnedValue\InterfaceAsReturnedValue.csproj", "{499BB711-7B90-49FE-AC91-26E1D4157CA2}"
EndProject
Project("{FAE04EC0-301F-11D3-BF4B-00C04F79EFBC}") = "CommonInterfaces", "CommonInterfaces\CommonInterfaces.csproj", "{93CCC92B-7E7D-40B8-9AB1-936F261A04CA}"
EndProject
Project("{FAE04EC0-301F-11D3-BF4B-00C04F79EFBC}") = "GenericExample", "GenericExample\GenericExample.csproj", "{D337BAF8-1A2A-436B-944B-F1BDF71D1382}"
EndProject
Project("{FAE04EC0-301F-11D3-BF4B-00C04F79EFBC}") = "StackExample", "StackExample\StackExample.csproj", "{53DBF34E-D4C2-402F-B078-0EB0712DDE3B}"
EndProject
Project("{FAE04EC0-301F-11D3-BF4B-00C04F79EFBC}") = "HashTableExample", "HashTableExample\HashTableExample.csproj", "{6E5AD4C5-3CD0-4AA7-8D98-6FBD7204F995}"
EndProject
Project("{FAE04EC0-301F-11D3-BF4B-00C04F79EFBC}") = "ListExample", "ListExample\ListExample.csproj", "{3C58D0E9-EB23-4897-912B-7EB93E21A500}"
EndProject
Project("{FAE04EC0-301F-11D3-BF4B-00C04F79EFBC}") = "TupleExample", "TupleExample\TupleExample.csproj", "{10EF1384-ED88-46D9-86FE-E9E067032F4A}"
EndProject
Project("{FAE04EC0-301F-11D3-BF4B-00C04F79EFBC}") = "RecordExample", "RecordExample\RecordExample.csproj", "{8E081479-08F7-4693-8B06-B72C48A9F739}"
EndProject
Project("{FAE04EC0-301F-11D3-BF4B-00C04F79EFBC}") = "NullableReferenceTypes", "NullableReferenceTypes\NullableReferenceTypes.csproj", "{D28F590E-739A-4EF3-BC79-2BBDF642CA8F}"
EndProject
Global
	GlobalSection(SolutionConfigurationPlatforms) = preSolution
		Debug|Any CPU = Debug|Any CPU
		Release|Any CPU = Release|Any CPU
	EndGlobalSection
	GlobalSection(ProjectConfigurationPlatforms) = postSolution
		{26E38840-BF45-4913-8815-8B99E738217A}.Debug|Any CPU.ActiveCfg = Debug|Any CPU
		{26E38840-BF45-4913-8815-8B99E738217A}.Debug|Any CPU.Build.0 = Debug|Any CPU
		{26E38840-BF45-4913-8815-8B99E738217A}.Release|Any CPU.ActiveCfg = Release|Any CPU
		{26E38840-BF45-4913-8815-8B99E738217A}.Release|Any CPU.Build.0 = Release|Any CPU
		{C3E0A76A-9832-4C0F-9B1A-08CEFE95A3E9}.Debug|Any CPU.ActiveCfg = Debug|Any CPU
		{C3E0A76A-9832-4C0F-9B1A-08CEFE95A3E9}.Debug|Any CPU.Build.0 = Debug|Any CPU
		{C3E0A76A-9832-4C0F-9B1A-08CEFE95A3E9}.Release|Any CPU.ActiveCfg = Release|Any CPU
		{C3E0A76A-9832-4C0F-9B1A-08CEFE95A3E9}.Release|Any CPU.Build.0 = Release|Any CPU
		{D5EA9BB2-2D32-4795-90FE-58CA398D2FAA}.Debug|Any CPU.ActiveCfg = Debug|Any CPU
		{D5EA9BB2-2D32-4795-90FE-58CA398D2FAA}.Debug|Any CPU.Build.0 = Debug|Any CPU
		{D5EA9BB2-2D32-4795-90FE-58CA398D2FAA}.Release|Any CPU.ActiveCfg = Release|Any CPU
		{D5EA9BB2-2D32-4795-90FE-58CA398D2FAA}.Release|Any CPU.Build.0 = Release|Any CPU
		{0C0E177F-9C24-4C33-BE12-F68C77C7AC2F}.Debug|Any CPU.ActiveCfg = Debug|Any CPU
		{0C0E177F-9C24-4C33-BE12-F68C77C7AC2F}.Debug|Any CPU.Build.0 = Debug|Any CPU
		{0C0E177F-9C24-4C33-BE12-F68C77C7AC2F}.Release|Any CPU.ActiveCfg = Release|Any CPU
		{0C0E177F-9C24-4C33-BE12-F68C77C7AC2F}.Release|Any CPU.Build.0 = Release|Any CPU
		{2303A36D-7329-446F-972E-0290317BF171}.Debug|Any CPU.ActiveCfg = Debug|Any CPU
		{2303A36D-7329-446F-972E-0290317BF171}.Debug|Any CPU.Build.0 = Debug|Any CPU
		{2303A36D-7329-446F-972E-0290317BF171}.Release|Any CPU.ActiveCfg = Release|Any CPU
		{2303A36D-7329-446F-972E-0290317BF171}.Release|Any CPU.Build.0 = Release|Any CPU
		{499BB711-7B90-49FE-AC91-26E1D4157CA2}.Debug|Any CPU.ActiveCfg = Debug|Any CPU
		{499BB711-7B90-49FE-AC91-26E1D4157CA2}.Debug|Any CPU.Build.0 = Debug|Any CPU
		{499BB711-7B90-49FE-AC91-26E1D4157CA2}.Release|Any CPU.ActiveCfg = Release|Any CPU
		{499BB711-7B90-49FE-AC91-26E1D4157CA2}.Release|Any CPU.Build.0 = Release|Any CPU
		{93CCC92B-7E7D-40B8-9AB1-936F261A04CA}.Debug|Any CPU.ActiveCfg = Debug|Any CPU
		{93CCC92B-7E7D-40B8-9AB1-936F261A04CA}.Debug|Any CPU.Build.0 = Debug|Any CPU
		{93CCC92B-7E7D-40B8-9AB1-936F261A04CA}.Release|Any CPU.ActiveCfg = Release|Any CPU
		{93CCC92B-7E7D-40B8-9AB1-936F261A04CA}.Release|Any CPU.Build.0 = Release|Any CPU
		{D337BAF8-1A2A-436B-944B-F1BDF71D1382}.Debug|Any CPU.ActiveCfg = Debug|Any CPU
		{D337BAF8-1A2A-436B-944B-F1BDF71D1382}.Debug|Any CPU.Build.0 = Debug|Any CPU
		{D337BAF8-1A2A-436B-944B-F1BDF71D1382}.Release|Any CPU.ActiveCfg = Release|Any CPU
		{D337BAF8-1A2A-436B-944B-F1BDF71D1382}.Release|Any CPU.Build.0 = Release|Any CPU
		{53DBF34E-D4C2-402F-B078-0EB0712DDE3B}.Debug|Any CPU.ActiveCfg = Debug|Any CPU
		{53DBF34E-D4C2-402F-B078-0EB0712DDE3B}.Debug|Any CPU.Build.0 = Debug|Any CPU
		{53DBF34E-D4C2-402F-B078-0EB0712DDE3B}.Release|Any CPU.ActiveCfg = Release|Any CPU
		{53DBF34E-D4C2-402F-B078-0EB0712DDE3B}.Release|Any CPU.Build.0 = Release|Any CPU
		{6E5AD4C5-3CD0-4AA7-8D98-6FBD7204F995}.Debug|Any CPU.ActiveCfg = Debug|Any CPU
		{6E5AD4C5-3CD0-4AA7-8D98-6FBD7204F995}.Debug|Any CPU.Build.0 = Debug|Any CPU
		{6E5AD4C5-3CD0-4AA7-8D98-6FBD7204F995}.Release|Any CPU.ActiveCfg = Release|Any CPU
		{6E5AD4C5-3CD0-4AA7-8D98-6FBD7204F995}.Release|Any CPU.Build.0 = Release|Any CPU
		{3C58D0E9-EB23-4897-912B-7EB93E21A500}.Debug|Any CPU.ActiveCfg = Debug|Any CPU
		{3C58D0E9-EB23-4897-912B-7EB93E21A500}.Debug|Any CPU.Build.0 = Debug|Any CPU
		{3C58D0E9-EB23-4897-912B-7EB93E21A500}.Release|Any CPU.ActiveCfg = Release|Any CPU
		{3C58D0E9-EB23-4897-912B-7EB93E21A500}.Release|Any CPU.Build.0 = Release|Any CPU
		{10EF1384-ED88-46D9-86FE-E9E067032F4A}.Debug|Any CPU.ActiveCfg = Debug|Any CPU
		{10EF1384-ED88-46D9-86FE-E9E067032F4A}.Debug|Any CPU.Build.0 = Debug|Any CPU
		{10EF1384-ED88-46D9-86FE-E9E067032F4A}.Release|Any CPU.ActiveCfg = Release|Any CPU
		{10EF1384-ED88-46D9-86FE-E9E067032F4A}.Release|Any CPU.Build.0 = Release|Any CPU
		{8E081479-08F7-4693-8B06-B72C48A9F739}.Debug|Any CPU.ActiveCfg = Debug|Any CPU
		{8E081479-08F7-4693-8B06-B72C48A9F739}.Debug|Any CPU.Build.0 = Debug|Any CPU
		{8E081479-08F7-4693-8B06-B72C48A9F739}.Release|Any CPU.ActiveCfg = Release|Any CPU
		{8E081479-08F7-4693-8B06-B72C48A9F739}.Release|Any CPU.Build.0 = Release|Any CPU
		{D28F590E-739A-4EF3-BC79-2BBDF642CA8F}.Debug|Any CPU.ActiveCfg = Debug|Any CPU
		{D28F590E-739A-4EF3-BC79-2BBDF642CA8F}.Debug|Any CPU.Build.0 = Debug|Any CPU
		{D28F590E-739A-4EF3-BC79-2BBDF642CA8F}.Release|Any CPU.ActiveCfg = Release|Any CPU
		{D28F590E-739A-4EF3-BC79-2BBDF642CA8F}.Release|Any CPU.Build.0 = Release|Any CPU
	EndGlobalSection
	GlobalSection(SolutionProperties) = preSolution
		HideSolutionNode = FALSE
	EndGlobalSection
	GlobalSection(ExtensibilityGlobals) = postSolution
		SolutionGuid = {8F7160C4-D280-41A1-9AB5-FF0776F9A84E}
	EndGlobalSection
EndGlobal
